Microsoft Visual Studio Solution File, Format Version 11.00
# Visual Studio 2008

Project("{9B2F5AC0-55F3-8446-A2AF-F58F2553921E}") = "SideScroller-Shooter", "Assembly-CSharp.csproj", "{FEE91AF2-D928-BCC8-D39C-27CDCD3CEBFF}"
EndProject
Global
	GlobalSection(SolutionConfigurationPlatforms) = preSolution
		Debug|Any CPU = Debug|Any CPU
		Release|Any CPU = Release|Any CPU
	EndGlobalSection
	GlobalSection(ProjectConfigurationPlatforms) = postSolution
		{FEE91AF2-D928-BCC8-D39C-27CDCD3CEBFF}.Debug|Any CPU.ActiveCfg = Debug|Any CPU
		{FEE91AF2-D928-BCC8-D39C-27CDCD3CEBFF}.Debug|Any CPU.Build.0 = Debug|Any CPU
		{FEE91AF2-D928-BCC8-D39C-27CDCD3CEBFF}.Release|Any CPU.ActiveCfg = Release|Any CPU
		{FEE91AF2-D928-BCC8-D39C-27CDCD3CEBFF}.Release|Any CPU.Build.0 = Release|Any CPU
	EndGlobalSection
	GlobalSection(SolutionProperties) = preSolution
		HideSolutionNode = FALSE
	EndGlobalSection
	GlobalSection(MonoDevelopProperties) = preSolution
		StartupItem = Assembly-CSharp.csproj
	EndGlobalSection
EndGlobal
